
Microsoft Visual Studio Solution File, Format Version 12.00
# Visual Studio 14
VisualStudioVersion = 14.0.23107.0
MinimumVisualStudioVersion = 10.0.40219.1
Project("{FAE04EC0-301F-11D3-BF4B-00C04F79EFBC}") = "ChattingServer", "ChattingServer\ChattingServer.csproj", "{7C5EEFCA-ADC9-4D20-B6DB-828403574C7C}"
EndProject
Project("{FAE04EC0-301F-11D3-BF4B-00C04F79EFBC}") = "Merona", "..\..\src\Merona\Merona.csproj", "{F48013D3-A4DA-43E1-A568-3E788C9941FD}"
EndProject
Project("{FAE04EC0-301F-11D3-BF4B-00C04F79EFBC}") = "ChattingClient", "..\ChattingClient\ChattingClient.csproj", "{8751B395-F5A1-4FAB-949F-7228FC033A13}"
EndProject
Project("{FAE04EC0-301F-11D3-BF4B-00C04F79EFBC}") = "Merona.Client", "..\..\src\Merona.Client\Merona.Client.csproj", "{43088D60-A5B3-407C-B57C-5CE89A60A45A}"
EndProject
Project("{FAE04EC0-301F-11D3-BF4B-00C04F79EFBC}") = "ChattingPackets", "..\ChattingPackets\ChattingPackets.csproj", "{37A7D71E-AFCA-482F-B612-F4C856C42565}"
EndProject
Global
	GlobalSection(SolutionConfigurationPlatforms) = preSolution
		Debug|Any CPU = Debug|Any CPU
		Release|Any CPU = Release|Any CPU
	EndGlobalSection
	GlobalSection(ProjectConfigurationPlatforms) = postSolution
		{7C5EEFCA-ADC9-4D20-B6DB-828403574C7C}.Debug|Any CPU.ActiveCfg = Debug|Any CPU
		{7C5EEFCA-ADC9-4D20-B6DB-828403574C7C}.Debug|Any CPU.Build.0 = Debug|Any CPU
		{7C5EEFCA-ADC9-4D20-B6DB-828403574C7C}.Release|Any CPU.ActiveCfg = Release|Any CPU
		{7C5EEFCA-ADC9-4D20-B6DB-828403574C7C}.Release|Any CPU.Build.0 = Release|Any CPU
		{F48013D3-A4DA-43E1-A568-3E788C9941FD}.Debug|Any CPU.ActiveCfg = Debug|Any CPU
		{F48013D3-A4DA-43E1-A568-3E788C9941FD}.Debug|Any CPU.Build.0 = Debug|Any CPU
		{F48013D3-A4DA-43E1-A568-3E788C9941FD}.Release|Any CPU.ActiveCfg = Release|Any CPU
		{F48013D3-A4DA-43E1-A568-3E788C9941FD}.Release|Any CPU.Build.0 = Release|Any CPU
		{8751B395-F5A1-4FAB-949F-7228FC033A13}.Debug|Any CPU.ActiveCfg = Debug|Any CPU
		{8751B395-F5A1-4FAB-949F-7228FC033A13}.Debug|Any CPU.Build.0 = Debug|Any CPU
		{8751B395-F5A1-4FAB-949F-7228FC033A13}.Release|Any CPU.ActiveCfg = Release|Any CPU
		{8751B395-F5A1-4FAB-949F-7228FC033A13}.Release|Any CPU.Build.0 = Release|Any CPU
		{43088D60-A5B3-407C-B57C-5CE89A60A45A}.Debug|Any CPU.ActiveCfg = Debug|Any CPU
		{43088D60-A5B3-407C-B57C-5CE89A60A45A}.Debug|Any CPU.Build.0 = Debug|Any CPU
		{43088D60-A5B3-407C-B57C-5CE89A60A45A}.Release|Any CPU.ActiveCfg = Release|Any CPU
		{43088D60-A5B3-407C-B57C-5CE89A60A45A}.Release|Any CPU.Build.0 = Release|Any CPU
		{37A7D71E-AFCA-482F-B612-F4C856C42565}.Debug|Any CPU.ActiveCfg = Debug|Any CPU
		{37A7D71E-AFCA-482F-B612-F4C856C42565}.Debug|Any CPU.Build.0 = Debug|Any CPU
		{37A7D71E-AFCA-482F-B612-F4C856C42565}.Release|Any CPU.ActiveCfg = Release|Any CPU
		{37A7D71E-AFCA-482F-B612-F4C856C42565}.Release|Any CPU.Build.0 = Release|Any CPU
	EndGlobalSection
	GlobalSection(SolutionProperties) = preSolution
		HideSolutionNode = FALSE
	EndGlobalSection
EndGlobal
