
Microsoft Visual Studio Solution File, Format Version 12.00
# Visual Studio 14
VisualStudioVersion = 14.0.23107.0
MinimumVisualStudioVersion = 10.0.40219.1
Project("{FAE04EC0-301F-11D3-BF4B-00C04F79EFBC}") = "Merona", "Merona\Merona.csproj", "{F48013D3-A4DA-43E1-A568-3E788C9941FD}"
EndProject
Project("{FAE04EC0-301F-11D3-BF4B-00C04F79EFBC}") = "MeronaTest", "MeronaTest\MeronaTest.csproj", "{283706B1-42A2-4A73-808F-1D0F9E021912}"
EndProject
Project("{FAE04EC0-301F-11D3-BF4B-00C04F79EFBC}") = "Merona.Go", "Merona.Go.cs\Merona.Go.csproj", "{FB90FC7A-0070-4DA2-A5C0-C5AA6D6E7F6F}"
EndProject
Global
	GlobalSection(SolutionConfigurationPlatforms) = preSolution
		Debug|Any CPU = Debug|Any CPU
		Release|Any CPU = Release|Any CPU
	EndGlobalSection
	GlobalSection(ProjectConfigurationPlatforms) = postSolution
		{F48013D3-A4DA-43E1-A568-3E788C9941FD}.Debug|Any CPU.ActiveCfg = Debug|Any CPU
		{F48013D3-A4DA-43E1-A568-3E788C9941FD}.Debug|Any CPU.Build.0 = Debug|Any CPU
		{F48013D3-A4DA-43E1-A568-3E788C9941FD}.Release|Any CPU.ActiveCfg = Release|Any CPU
		{F48013D3-A4DA-43E1-A568-3E788C9941FD}.Release|Any CPU.Build.0 = Release|Any CPU
		{283706B1-42A2-4A73-808F-1D0F9E021912}.Debug|Any CPU.ActiveCfg = Debug|Any CPU
		{283706B1-42A2-4A73-808F-1D0F9E021912}.Debug|Any CPU.Build.0 = Debug|Any CPU
		{283706B1-42A2-4A73-808F-1D0F9E021912}.Release|Any CPU.ActiveCfg = Release|Any CPU
		{283706B1-42A2-4A73-808F-1D0F9E021912}.Release|Any CPU.Build.0 = Release|Any CPU
		{FB90FC7A-0070-4DA2-A5C0-C5AA6D6E7F6F}.Debug|Any CPU.ActiveCfg = Debug|Any CPU
		{FB90FC7A-0070-4DA2-A5C0-C5AA6D6E7F6F}.Debug|Any CPU.Build.0 = Debug|Any CPU
		{FB90FC7A-0070-4DA2-A5C0-C5AA6D6E7F6F}.Release|Any CPU.ActiveCfg = Release|Any CPU
		{FB90FC7A-0070-4DA2-A5C0-C5AA6D6E7F6F}.Release|Any CPU.Build.0 = Release|Any CPU
	EndGlobalSection
	GlobalSection(SolutionProperties) = preSolution
		HideSolutionNode = FALSE
	EndGlobalSection
EndGlobal
